
Microsoft Visual Studio Solution File, Format Version 12.00
# Visual Studio 14
VisualStudioVersion = 14.0.22512.0
MinimumVisualStudioVersion = 10.0.40219.1
Project("{8BB2217D-0F2D-49D1-97BC-3654ED321F3B}") = "Me.Web.Host", "src\Me.Web.Host\Me.Web.Host.kproj", "{5DD34F7A-180C-4D56-A978-B44BD6E12507}"
EndProject
Project("{8BB2217D-0F2D-49D1-97BC-3654ED321F3B}") = "Me.Web", "src\Me.Web\Me.Web.kproj", "{2DFCE9AC-83A4-4BB5-90B5-4DD26DA845A9}"
EndProject
Project("{FAE04EC0-301F-11D3-BF4B-00C04F79EFBC}") = "Me.Web.Tests.Acceptance", "src\Me.Web.Tests.Acceptance\Me.Web.Tests.Acceptance.csproj", "{64CC51E2-3474-4A3F-860D-07AD160CD23A}"
EndProject
Project("{2150E333-8FDC-42A3-9474-1A3956D46DE8}") = ".doc", ".doc", "{5662A296-6084-4FA1-BB22-F7847182E816}"
	ProjectSection(SolutionItems) = preProject
		..\README.md = ..\README.md
	EndProjectSection
EndProject
Project("{2150E333-8FDC-42A3-9474-1A3956D46DE8}") = "Archient", "Archient", "{73873AA3-A69B-4973-B707-C3AA46F95F87}"
	ProjectSection(SolutionItems) = preProject
		src\Archient.Package.Debug.cmd = src\Archient.Package.Debug.cmd
		src\Archient.Package.Release.cmd = src\Archient.Package.Release.cmd
	EndProjectSection
EndProject
Project("{8BB2217D-0F2D-49D1-97BC-3654ED321F3B}") = "Archient.Web", "src\Archient.Web\Archient.Web.kproj", "{CF0C47F9-E8FA-4A6A-AD4C-1B1AED66CA82}"
EndProject
Project("{8BB2217D-0F2D-49D1-97BC-3654ED321F3B}") = "Archient.Web.Identity", "src\Archient.Web.Identity\Archient.Web.Identity.kproj", "{8DFDD43F-488A-42D5-9C24-8FD837B97C43}"
EndProject
Project("{2150E333-8FDC-42A3-9474-1A3956D46DE8}") = ".ref", ".ref", "{7F0B2DE5-4AA5-4EB4-BF10-26BA27058A43}"
EndProject
Global
	GlobalSection(SolutionConfigurationPlatforms) = preSolution
		Debug|Any CPU = Debug|Any CPU
		Release|Any CPU = Release|Any CPU
	EndGlobalSection
	GlobalSection(ProjectConfigurationPlatforms) = postSolution
		{5DD34F7A-180C-4D56-A978-B44BD6E12507}.Debug|Any CPU.ActiveCfg = Debug|Any CPU
		{5DD34F7A-180C-4D56-A978-B44BD6E12507}.Debug|Any CPU.Build.0 = Debug|Any CPU
		{5DD34F7A-180C-4D56-A978-B44BD6E12507}.Release|Any CPU.ActiveCfg = Release|Any CPU
		{5DD34F7A-180C-4D56-A978-B44BD6E12507}.Release|Any CPU.Build.0 = Release|Any CPU
		{2DFCE9AC-83A4-4BB5-90B5-4DD26DA845A9}.Debug|Any CPU.ActiveCfg = Debug|Any CPU
		{2DFCE9AC-83A4-4BB5-90B5-4DD26DA845A9}.Debug|Any CPU.Build.0 = Debug|Any CPU
		{2DFCE9AC-83A4-4BB5-90B5-4DD26DA845A9}.Release|Any CPU.ActiveCfg = Release|Any CPU
		{2DFCE9AC-83A4-4BB5-90B5-4DD26DA845A9}.Release|Any CPU.Build.0 = Release|Any CPU
		{64CC51E2-3474-4A3F-860D-07AD160CD23A}.Debug|Any CPU.ActiveCfg = Debug|Any CPU
		{64CC51E2-3474-4A3F-860D-07AD160CD23A}.Debug|Any CPU.Build.0 = Debug|Any CPU
		{64CC51E2-3474-4A3F-860D-07AD160CD23A}.Release|Any CPU.ActiveCfg = Release|Any CPU
		{64CC51E2-3474-4A3F-860D-07AD160CD23A}.Release|Any CPU.Build.0 = Release|Any CPU
		{CF0C47F9-E8FA-4A6A-AD4C-1B1AED66CA82}.Debug|Any CPU.ActiveCfg = Debug|Any CPU
		{CF0C47F9-E8FA-4A6A-AD4C-1B1AED66CA82}.Debug|Any CPU.Build.0 = Debug|Any CPU
		{CF0C47F9-E8FA-4A6A-AD4C-1B1AED66CA82}.Release|Any CPU.ActiveCfg = Release|Any CPU
		{CF0C47F9-E8FA-4A6A-AD4C-1B1AED66CA82}.Release|Any CPU.Build.0 = Release|Any CPU
		{8DFDD43F-488A-42D5-9C24-8FD837B97C43}.Debug|Any CPU.ActiveCfg = Debug|Any CPU
		{8DFDD43F-488A-42D5-9C24-8FD837B97C43}.Debug|Any CPU.Build.0 = Debug|Any CPU
		{8DFDD43F-488A-42D5-9C24-8FD837B97C43}.Release|Any CPU.ActiveCfg = Release|Any CPU
		{8DFDD43F-488A-42D5-9C24-8FD837B97C43}.Release|Any CPU.Build.0 = Release|Any CPU
	EndGlobalSection
	GlobalSection(SolutionProperties) = preSolution
		HideSolutionNode = FALSE
	EndGlobalSection
	GlobalSection(NestedProjects) = preSolution
		{CF0C47F9-E8FA-4A6A-AD4C-1B1AED66CA82} = {73873AA3-A69B-4973-B707-C3AA46F95F87}
		{8DFDD43F-488A-42D5-9C24-8FD837B97C43} = {73873AA3-A69B-4973-B707-C3AA46F95F87}
	EndGlobalSection
EndGlobal
